
Microsoft Visual Studio Solution File, Format Version 12.00
# Visual Studio Version 16
VisualStudioVersion = 16.0.31729.503
MinimumVisualStudioVersion = 10.0.40219.1
Project("{9A19103F-16F7-4668-BE54-9A1E7A4F7556}") = "Repository1", "Repository1\Repository1.csproj", "{327235C6-8D07-4283-A427-B0F9601EE366}"
EndProject
Project("{FAE04EC0-301F-11D3-BF4B-00C04F79EFBC}") = "Repository1.Tests", "Repository1.Tests\Repository1.Tests.csproj", "{DC48AB78-8967-4A9F-A008-10A7D1D42DB1}"
EndProject
Global
	GlobalSection(SolutionConfigurationPlatforms) = preSolution
		Debug|Any CPU = Debug|Any CPU
		Release|Any CPU = Release|Any CPU
	EndGlobalSection
	GlobalSection(ProjectConfigurationPlatforms) = postSolution
		{327235C6-8D07-4283-A427-B0F9601EE366}.Debug|Any CPU.ActiveCfg = Debug|Any CPU
		{327235C6-8D07-4283-A427-B0F9601EE366}.Debug|Any CPU.Build.0 = Debug|Any CPU
		{327235C6-8D07-4283-A427-B0F9601EE366}.Release|Any CPU.ActiveCfg = Release|Any CPU
		{327235C6-8D07-4283-A427-B0F9601EE366}.Release|Any CPU.Build.0 = Release|Any CPU
		{DC48AB78-8967-4A9F-A008-10A7D1D42DB1}.Debug|Any CPU.ActiveCfg = Debug|Any CPU
		{DC48AB78-8967-4A9F-A008-10A7D1D42DB1}.Debug|Any CPU.Build.0 = Debug|Any CPU
		{DC48AB78-8967-4A9F-A008-10A7D1D42DB1}.Release|Any CPU.ActiveCfg = Release|Any CPU
		{DC48AB78-8967-4A9F-A008-10A7D1D42DB1}.Release|Any CPU.Build.0 = Release|Any CPU
	EndGlobalSection
	GlobalSection(SolutionProperties) = preSolution
		HideSolutionNode = FALSE
	EndGlobalSection
	GlobalSection(ExtensibilityGlobals) = postSolution
		SolutionGuid = {29501528-CE47-4444-BF7E-A7EA3D3D4A59}
	EndGlobalSection
EndGlobal
